
Microsoft Visual Studio Solution File, Format Version 12.00
# Visual Studio Version 16
VisualStudioVersion = 16.0.31624.102
MinimumVisualStudioVersion = 10.0.40219.1
Project("{FAE04EC0-301F-11D3-BF4B-00C04F79EFBC}") = "YapayZekaTemelleri", "YapayZekaTemelleri\YapayZekaTemelleri.csproj", "{178D2A3C-E4A6-4F97-ACA6-D939B4B1DA8D}"
EndProject
Global
	GlobalSection(SolutionConfigurationPlatforms) = preSolution
		Debug|Any CPU = Debug|Any CPU
		Release|Any CPU = Release|Any CPU
	EndGlobalSection
	GlobalSection(ProjectConfigurationPlatforms) = postSolution
		{178D2A3C-E4A6-4F97-ACA6-D939B4B1DA8D}.Debug|Any CPU.ActiveCfg = Debug|Any CPU
		{178D2A3C-E4A6-4F97-ACA6-D939B4B1DA8D}.Debug|Any CPU.Build.0 = Debug|Any CPU
		{178D2A3C-E4A6-4F97-ACA6-D939B4B1DA8D}.Release|Any CPU.ActiveCfg = Release|Any CPU
		{178D2A3C-E4A6-4F97-ACA6-D939B4B1DA8D}.Release|Any CPU.Build.0 = Release|Any CPU
	EndGlobalSection
	GlobalSection(SolutionProperties) = preSolution
		HideSolutionNode = FALSE
	EndGlobalSection
	GlobalSection(ExtensibilityGlobals) = postSolution
		SolutionGuid = {30DF13F4-C89D-4563-8669-F1A1663F4A6F}
	EndGlobalSection
EndGlobal
